
Microsoft Visual Studio Solution File, Format Version 12.00
# Visual Studio Version 17
VisualStudioVersion = 17.7.34024.191
MinimumVisualStudioVersion = 10.0.40219.1
Project("{FAE04EC0-301F-11D3-BF4B-00C04F79EFBC}") = "Httwrap.Tests", "Httwrap.Tests\Httwrap.Tests.csproj", "{631372D6-BFBB-49B0-893C-174BF5A2720B}"
EndProject
Project("{FAE04EC0-301F-11D3-BF4B-00C04F79EFBC}") = "Httwrap", "Httwrap\Httwrap.csproj", "{F17284F8-5561-4C64-9BD4-5A94521B9644}"
EndProject
Global
	GlobalSection(SolutionConfigurationPlatforms) = preSolution
		Debug|Any CPU = Debug|Any CPU
		Release|Any CPU = Release|Any CPU
	EndGlobalSection
	GlobalSection(ProjectConfigurationPlatforms) = postSolution
		{631372D6-BFBB-49B0-893C-174BF5A2720B}.Debug|Any CPU.ActiveCfg = Debug|Any CPU
		{631372D6-BFBB-49B0-893C-174BF5A2720B}.Debug|Any CPU.Build.0 = Debug|Any CPU
		{631372D6-BFBB-49B0-893C-174BF5A2720B}.Release|Any CPU.ActiveCfg = Release|Any CPU
		{631372D6-BFBB-49B0-893C-174BF5A2720B}.Release|Any CPU.Build.0 = Release|Any CPU
		{F17284F8-5561-4C64-9BD4-5A94521B9644}.Debug|Any CPU.ActiveCfg = Debug|Any CPU
		{F17284F8-5561-4C64-9BD4-5A94521B9644}.Debug|Any CPU.Build.0 = Debug|Any CPU
		{F17284F8-5561-4C64-9BD4-5A94521B9644}.Release|Any CPU.ActiveCfg = Release|Any CPU
		{F17284F8-5561-4C64-9BD4-5A94521B9644}.Release|Any CPU.Build.0 = Release|Any CPU
	EndGlobalSection
	GlobalSection(SolutionProperties) = preSolution
		HideSolutionNode = FALSE
	EndGlobalSection
	GlobalSection(ExtensibilityGlobals) = postSolution
		SolutionGuid = {0CCC64E5-D106-40C3-BB8A-BEC202A2F59F}
	EndGlobalSection
EndGlobal
